{
  "name": "@exile_song/github-ci",
  "version": "1.0.0",
  "lockfileVersion": 2,
  "requires": true,
  "packages": {
    "": {
      "name": "@exile_song/github-ci",
      "version": "1.0.0",
      "license": "ISC",
      "dependencies": {
        "lodash-es": "^4.17.21"
      }
    },
    "node_modules/.pnpm/lodash-es@4.17.21/node_modules/lodash-es": {
      "version": "4.17.21",
      "license": "MIT"
    },
    "node_modules/lodash-es": {
      "resolved": "node_modules/.pnpm/lodash-es@4.17.21/node_modules/lodash-es",
      "link": true
    }
  },
  "dependencies": {
    "lodash-es": {
      "version": "file:node_modules/.pnpm/lodash-es@4.17.21/node_modules/lodash-es"
    }
  }
}
